// !$*UTF8*$!
{
	archiveVersion = 1;
	classes = {
	};
	objectVersion = 56;
	objects = {

/* Begin PBXBuildFile section */
		563D71242C283237006EA76B /* Session_Management_DemoApp.swift in Sources */ = {isa = PBXBuildFile; fileRef = 563D71232C283237006EA76B /* Session_Management_DemoApp.swift */; };
		563D71262C283237006EA76B /* ContentView.swift in Sources */ = {isa = PBXBuildFile; fileRef = 563D71252C283237006EA76B /* ContentView.swift */; };
		563D71282C283239006EA76B /* Assets.xcassets in Resources */ = {isa = PBXBuildFile; fileRef = 563D71272C283239006EA76B /* Assets.xcassets */; };
		563D712B2C283239006EA76B /* Preview Assets.xcassets in Resources */ = {isa = PBXBuildFile; fileRef = 563D712A2C283239006EA76B /* Preview Assets.xcassets */; };
		5650D1A02C28350C00F3CFA8 /* GoogleService-Info.plist in Resources */ = {isa = PBXBuildFile; fileRef = 5650D19F2C28350C00F3CFA8 /* GoogleService-Info.plist */; };
		5650D1AE2C28385100F3CFA8 /* FirebaseFirestore in Frameworks */ = {isa = PBXBuildFile; productRef = 5650D1AD2C28385100F3CFA8 /* FirebaseFirestore */; };
		5650D1B02C28387600F3CFA8 /* FirebaseAuth in Frameworks */ = {isa = PBXBuildFile; productRef = 5650D1AF2C28387600F3CFA8 /* FirebaseAuth */; };
		5650D1B32C283D5E00F3CFA8 /* Extensions.swift in Sources */ = {isa = PBXBuildFile; fileRef = 5650D1B22C283D5E00F3CFA8 /* Extensions.swift */; };
		5650D1B62C305A2500F3CFA8 /* CustomToggleView.swift in Sources */ = {isa = PBXBuildFile; fileRef = 5650D1B52C305A2500F3CFA8 /* CustomToggleView.swift */; };
		5650D1B92C307B7E00F3CFA8 /* SignUpView.swift in Sources */ = {isa = PBXBuildFile; fileRef = 5650D1B82C307B7E00F3CFA8 /* SignUpView.swift */; };
		5650D1BB2C307C0F00F3CFA8 /* LoginView.swift in Sources */ = {isa = PBXBuildFile; fileRef = 5650D1BA2C307C0F00F3CFA8 /* LoginView.swift */; };
		5650D1BD2C30885600F3CFA8 /* PasswordTextFieldView.swift in Sources */ = {isa = PBXBuildFile; fileRef = 5650D1BC2C30885600F3CFA8 /* PasswordTextFieldView.swift */; };
		5650D1C02C317C9B00F3CFA8 /* TextConstants.swift in Sources */ = {isa = PBXBuildFile; fileRef = 5650D1BF2C317C9B00F3CFA8 /* TextConstants.swift */; };
		5650D1C72C31BCB900F3CFA8 /* AuthenticationManager.swift in Sources */ = {isa = PBXBuildFile; fileRef = 5650D1C62C31BCB900F3CFA8 /* AuthenticationManager.swift */; };
		5650D1C92C31C53000F3CFA8 /* HomeView.swift in Sources */ = {isa = PBXBuildFile; fileRef = 5650D1C82C31C53000F3CFA8 /* HomeView.swift */; };
		5650D1CB2C31C59A00F3CFA8 /* NewUserView.swift in Sources */ = {isa = PBXBuildFile; fileRef = 5650D1CA2C31C59A00F3CFA8 /* NewUserView.swift */; };
/* End PBXBuildFile section */

/* Begin PBXFileReference section */
		563D71202C283237006EA76B /* Session-Management-Demo.app */ = {isa = PBXFileReference; explicitFileType = wrapper.application; includeInIndex = 0; path = "Session-Management-Demo.app"; sourceTree = BUILT_PRODUCTS_DIR; };
		563D71232C283237006EA76B /* Session_Management_DemoApp.swift */ = {isa = PBXFileReference; lastKnownFileType = sourcecode.swift; path = Session_Management_DemoApp.swift; sourceTree = "<group>"; };
		563D71252C283237006EA76B /* ContentView.swift */ = {isa = PBXFileReference; lastKnownFileType = sourcecode.swift; path = ContentView.swift; sourceTree = "<group>"; };
		563D71272C283239006EA76B /* Assets.xcassets */ = {isa = PBXFileReference; lastKnownFileType = folder.assetcatalog; path = Assets.xcassets; sourceTree = "<group>"; };
		563D712A2C283239006EA76B /* Preview Assets.xcassets */ = {isa = PBXFileReference; lastKnownFileType = folder.assetcatalog; path = "Preview Assets.xcassets"; sourceTree = "<group>"; };
		5650D19F2C28350C00F3CFA8 /* GoogleService-Info.plist */ = {isa = PBXFileReference; fileEncoding = 4; lastKnownFileType = text.plist.xml; path = "GoogleService-Info.plist"; sourceTree = "<group>"; };
		5650D1B22C283D5E00F3CFA8 /* Extensions.swift */ = {isa = PBXFileReference; lastKnownFileType = sourcecode.swift; path = Extensions.swift; sourceTree = "<group>"; };
		5650D1B52C305A2500F3CFA8 /* CustomToggleView.swift */ = {isa = PBXFileReference; lastKnownFileType = sourcecode.swift; path = CustomToggleView.swift; sourceTree = "<group>"; };
		5650D1B82C307B7E00F3CFA8 /* SignUpView.swift */ = {isa = PBXFileReference; lastKnownFileType = sourcecode.swift; path = SignUpView.swift; sourceTree = "<group>"; };
		5650D1BA2C307C0F00F3CFA8 /* LoginView.swift */ = {isa = PBXFileReference; lastKnownFileType = sourcecode.swift; path = LoginView.swift; sourceTree = "<group>"; };
		5650D1BC2C30885600F3CFA8 /* PasswordTextFieldView.swift */ = {isa = PBXFileReference; lastKnownFileType = sourcecode.swift; path = PasswordTextFieldView.swift; sourceTree = "<group>"; };
		5650D1BF2C317C9B00F3CFA8 /* TextConstants.swift */ = {isa = PBXFileReference; lastKnownFileType = sourcecode.swift; path = TextConstants.swift; sourceTree = "<group>"; };
		5650D1C62C31BCB900F3CFA8 /* AuthenticationManager.swift */ = {isa = PBXFileReference; lastKnownFileType = sourcecode.swift; path = AuthenticationManager.swift; sourceTree = "<group>"; };
		5650D1C82C31C53000F3CFA8 /* HomeView.swift */ = {isa = PBXFileReference; lastKnownFileType = sourcecode.swift; path = HomeView.swift; sourceTree = "<group>"; };
		5650D1CA2C31C59A00F3CFA8 /* NewUserView.swift */ = {isa = PBXFileReference; lastKnownFileType = sourcecode.swift; path = NewUserView.swift; sourceTree = "<group>"; };
/* End PBXFileReference section */

/* Begin PBXFrameworksBuildPhase section */
		563D711D2C283237006EA76B /* Frameworks */ = {
			isa = PBXFrameworksBuildPhase;
			buildActionMask = 2147483647;
			files = (
				5650D1B02C28387600F3CFA8 /* FirebaseAuth in Frameworks */,
				5650D1AE2C28385100F3CFA8 /* FirebaseFirestore in Frameworks */,
			);
			runOnlyForDeploymentPostprocessing = 0;
		};
/* End PBXFrameworksBuildPhase section */

/* Begin PBXGroup section */
		563D71172C283237006EA76B = {
			isa = PBXGroup;
			children = (
				563D71222C283237006EA76B /* Session-Management-Demo */,
				563D71212C283237006EA76B /* Products */,
				5650D1AC2C28385000F3CFA8 /* Frameworks */,
			);
			sourceTree = "<group>";
		};
		563D71212C283237006EA76B /* Products */ = {
			isa = PBXGroup;
			children = (
				563D71202C283237006EA76B /* Session-Management-Demo.app */,
			);
			name = Products;
			sourceTree = "<group>";
		};
		563D71222C283237006EA76B /* Session-Management-Demo */ = {
			isa = PBXGroup;
			children = (
				5650D1C42C31BC8D00F3CFA8 /* AuthenticationManager */,
				5650D1BE2C317C7D00F3CFA8 /* Constants */,
				5650D1B42C305A0B00F3CFA8 /* Views */,
				5650D1B12C283D4100F3CFA8 /* Extension */,
				5650D19F2C28350C00F3CFA8 /* GoogleService-Info.plist */,
				563D71232C283237006EA76B /* Session_Management_DemoApp.swift */,
				563D71272C283239006EA76B /* Assets.xcassets */,
				563D71292C283239006EA76B /* Preview Content */,
			);
			path = "Session-Management-Demo";
			sourceTree = "<group>";
		};
		563D71292C283239006EA76B /* Preview Content */ = {
			isa = PBXGroup;
			children = (
				563D712A2C283239006EA76B /* Preview Assets.xcassets */,
			);
			path = "Preview Content";
			sourceTree = "<group>";
		};
		5650D1AC2C28385000F3CFA8 /* Frameworks */ = {
			isa = PBXGroup;
			children = (
			);
			name = Frameworks;
			sourceTree = "<group>";
		};
		5650D1B12C283D4100F3CFA8 /* Extension */ = {
			isa = PBXGroup;
			children = (
				5650D1B22C283D5E00F3CFA8 /* Extensions.swift */,
			);
			path = Extension;
			sourceTree = "<group>";
		};
		5650D1B42C305A0B00F3CFA8 /* Views */ = {
			isa = PBXGroup;
			children = (
				563D71252C283237006EA76B /* ContentView.swift */,
				5650D1B52C305A2500F3CFA8 /* CustomToggleView.swift */,
				5650D1B82C307B7E00F3CFA8 /* SignUpView.swift */,
				5650D1BA2C307C0F00F3CFA8 /* LoginView.swift */,
				5650D1BC2C30885600F3CFA8 /* PasswordTextFieldView.swift */,
				5650D1C82C31C53000F3CFA8 /* HomeView.swift */,
				5650D1CA2C31C59A00F3CFA8 /* NewUserView.swift */,
			);
			path = Views;
			sourceTree = "<group>";
		};
		5650D1BE2C317C7D00F3CFA8 /* Constants */ = {
			isa = PBXGroup;
			children = (
				5650D1BF2C317C9B00F3CFA8 /* TextConstants.swift */,
			);
			path = Constants;
			sourceTree = "<group>";
		};
		5650D1C42C31BC8D00F3CFA8 /* AuthenticationManager */ = {
			isa = PBXGroup;
			children = (
				5650D1C62C31BCB900F3CFA8 /* AuthenticationManager.swift */,
			);
			path = AuthenticationManager;
			sourceTree = "<group>";
		};
/* End PBXGroup section */

/* Begin PBXNativeTarget section */
		563D711F2C283237006EA76B /* Session-Management-Demo */ = {
			isa = PBXNativeTarget;
			buildConfigurationList = 563D712E2C283239006EA76B /* Build configuration list for PBXNativeTarget "Session-Management-Demo" */;
			buildPhases = (
				563D711C2C283237006EA76B /* Sources */,
				563D711D2C283237006EA76B /* Frameworks */,
				563D711E2C283237006EA76B /* Resources */,
			);
			buildRules = (
			);
			dependencies = (
			);
			name = "Session-Management-Demo";
			packageProductDependencies = (
				5650D1AD2C28385100F3CFA8 /* FirebaseFirestore */,
				5650D1AF2C28387600F3CFA8 /* FirebaseAuth */,
			);
			productName = "Session-Management-Demo";
			productReference = 563D71202C283237006EA76B /* Session-Management-Demo.app */;
			productType = "com.apple.product-type.application";
		};
/* End PBXNativeTarget section */

/* Begin PBXProject section */
		563D71182C283237006EA76B /* Project object */ = {
			isa = PBXProject;
			attributes = {
				BuildIndependentTargetsInParallel = 1;
				LastSwiftUpdateCheck = 1540;
				LastUpgradeCheck = 1540;
				TargetAttributes = {
					563D711F2C283237006EA76B = {
						CreatedOnToolsVersion = 15.4;
					};
				};
			};
			buildConfigurationList = 563D711B2C283237006EA76B /* Build configuration list for PBXProject "Session-Management-Demo" */;
			compatibilityVersion = "Xcode 14.0";
			developmentRegion = en;
			hasScannedForEncodings = 0;
			knownRegions = (
				en,
				Base,
			);
			mainGroup = 563D71172C283237006EA76B;
			packageReferences = (
				5650D1A12C2836E500F3CFA8 /* XCRemoteSwiftPackageReference "firebase-ios-sdk" */,
			);
			productRefGroup = 563D71212C283237006EA76B /* Products */;
			projectDirPath = "";
			projectRoot = "";
			targets = (
				563D711F2C283237006EA76B /* Session-Management-Demo */,
			);
		};
/* End PBXProject section */

/* Begin PBXResourcesBuildPhase section */
		563D711E2C283237006EA76B /* Resources */ = {
			isa = PBXResourcesBuildPhase;
			buildActionMask = 2147483647;
			files = (
				563D712B2C283239006EA76B /* Preview Assets.xcassets in Resources */,
				563D71282C283239006EA76B /* Assets.xcassets in Resources */,
				5650D1A02C28350C00F3CFA8 /* GoogleService-Info.plist in Resources */,
			);
			runOnlyForDeploymentPostprocessing = 0;
		};
/* End PBXResourcesBuildPhase section */

/* Begin PBXSourcesBuildPhase section */
		563D711C2C283237006EA76B /* Sources */ = {
			isa = PBXSourcesBuildPhase;
			buildActionMask = 2147483647;
			files = (
				5650D1C02C317C9B00F3CFA8 /* TextConstants.swift in Sources */,
				5650D1CB2C31C59A00F3CFA8 /* NewUserView.swift in Sources */,
				5650D1BB2C307C0F00F3CFA8 /* LoginView.swift in Sources */,
				563D71262C283237006EA76B /* ContentView.swift in Sources */,
				5650D1C92C31C53000F3CFA8 /* HomeView.swift in Sources */,
				5650D1C72C31BCB900F3CFA8 /* AuthenticationManager.swift in Sources */,
				5650D1BD2C30885600F3CFA8 /* PasswordTextFieldView.swift in Sources */,
				5650D1B92C307B7E00F3CFA8 /* SignUpView.swift in Sources */,
				5650D1B62C305A2500F3CFA8 /* CustomToggleView.swift in Sources */,
				5650D1B32C283D5E00F3CFA8 /* Extensions.swift in Sources */,
				563D71242C283237006EA76B /* Session_Management_DemoApp.swift in Sources */,
			);
			runOnlyForDeploymentPostprocessing = 0;
		};
/* End PBXSourcesBuildPhase section */

/* Begin XCBuildConfiguration section */
		563D712C2C283239006EA76B /* Debug */ = {
			isa = XCBuildConfiguration;
			buildSettings = {
				ALWAYS_SEARCH_USER_PATHS = NO;
				ASSETCATALOG_COMPILER_GENERATE_SWIFT_ASSET_SYMBOL_EXTENSIONS = YES;
				CLANG_ANALYZER_NONNULL = YES;
				CLANG_ANALYZER_NUMBER_OBJECT_CONVERSION = YES_AGGRESSIVE;
				CLANG_CXX_LANGUAGE_STANDARD = "gnu++20";
				CLANG_ENABLE_MODULES = YES;
				CLANG_ENABLE_OBJC_ARC = YES;
				CLANG_ENABLE_OBJC_WEAK = YES;
				CLANG_WARN_BLOCK_CAPTURE_AUTORELEASING = YES;
				CLANG_WARN_BOOL_CONVERSION = YES;
				CLANG_WARN_COMMA = YES;
				CLANG_WARN_CONSTANT_CONVERSION = YES;
				CLANG_WARN_DEPRECATED_OBJC_IMPLEMENTATIONS = YES;
				CLANG_WARN_DIRECT_OBJC_ISA_USAGE = YES_ERROR;
				CLANG_WARN_DOCUMENTATION_COMMENTS = YES;
				CLANG_WARN_EMPTY_BODY = YES;
				CLANG_WARN_ENUM_CONVERSION = YES;
				CLANG_WARN_INFINITE_RECURSION = YES;
				CLANG_WARN_INT_CONVERSION = YES;
				CLANG_WARN_NON_LITERAL_NULL_CONVERSION = YES;
				CLANG_WARN_OBJC_IMPLICIT_RETAIN_SELF = YES;
				CLANG_WARN_OBJC_LITERAL_CONVERSION = YES;
				CLANG_WARN_OBJC_ROOT_CLASS = YES_ERROR;
				CLANG_WARN_QUOTED_INCLUDE_IN_FRAMEWORK_HEADER = YES;
				CLANG_WARN_RANGE_LOOP_ANALYSIS = YES;
				CLANG_WARN_STRICT_PROTOTYPES = YES;
				CLANG_WARN_SUSPICIOUS_MOVE = YES;
				CLANG_WARN_UNGUARDED_AVAILABILITY = YES_AGGRESSIVE;
				CLANG_WARN_UNREACHABLE_CODE = YES;
				CLANG_WARN__DUPLICATE_METHOD_MATCH = YES;
				COPY_PHASE_STRIP = NO;
				DEBUG_INFORMATION_FORMAT = dwarf;
				ENABLE_STRICT_OBJC_MSGSEND = YES;
				ENABLE_TESTABILITY = YES;
				ENABLE_USER_SCRIPT_SANDBOXING = YES;
				GCC_C_LANGUAGE_STANDARD = gnu17;
				GCC_DYNAMIC_NO_PIC = NO;
				GCC_NO_COMMON_BLOCKS = YES;
				GCC_OPTIMIZATION_LEVEL = 0;
				GCC_PREPROCESSOR_DEFINITIONS = (
					"DEBUG=1",
					"$(inherited)",
				);
				GCC_WARN_64_TO_32_BIT_CONVERSION = YES;
				GCC_WARN_ABOUT_RETURN_TYPE = YES_ERROR;
				GCC_WARN_UNDECLARED_SELECTOR = YES;
				GCC_WARN_UNINITIALIZED_AUTOS = YES_AGGRESSIVE;
				GCC_WARN_UNUSED_FUNCTION = YES;
				GCC_WARN_UNUSED_VARIABLE = YES;
				IPHONEOS_DEPLOYMENT_TARGET = 17.5;
				LOCALIZATION_PREFERS_STRING_CATALOGS = YES;
				MTL_ENABLE_DEBUG_INFO = INCLUDE_SOURCE;
				MTL_FAST_MATH = YES;
				ONLY_ACTIVE_ARCH = YES;
				SDKROOT = iphoneos;
				SWIFT_ACTIVE_COMPILATION_CONDITIONS = "DEBUG $(inherited)";
				SWIFT_OPTIMIZATION_LEVEL = "-Onone";
			};
			name = Debug;
		};
		563D712D2C283239006EA76B /* Release */ = {
			isa = XCBuildConfiguration;
			buildSettings = {
				ALWAYS_SEARCH_USER_PATHS = NO;
				ASSETCATALOG_COMPILER_GENERATE_SWIFT_ASSET_SYMBOL_EXTENSIONS = YES;
				CLANG_ANALYZER_NONNULL = YES;
				CLANG_ANALYZER_NUMBER_OBJECT_CONVERSION = YES_AGGRESSIVE;
				CLANG_CXX_LANGUAGE_STANDARD = "gnu++20";
				CLANG_ENABLE_MODULES = YES;
				CLANG_ENABLE_OBJC_ARC = YES;
				CLANG_ENABLE_OBJC_WEAK = YES;
				CLANG_WARN_BLOCK_CAPTURE_AUTORELEASING = YES;
				CLANG_WARN_BOOL_CONVERSION = YES;
				CLANG_WARN_COMMA = YES;
				CLANG_WARN_CONSTANT_CONVERSION = YES;
				CLANG_WARN_DEPRECATED_OBJC_IMPLEMENTATIONS = YES;
				CLANG_WARN_DIRECT_OBJC_ISA_USAGE = YES_ERROR;
				CLANG_WARN_DOCUMENTATION_COMMENTS = YES;
				CLANG_WARN_EMPTY_BODY = YES;
				CLANG_WARN_ENUM_CONVERSION = YES;
				CLANG_WARN_INFINITE_RECURSION = YES;
				CLANG_WARN_INT_CONVERSION = YES;
				CLANG_WARN_NON_LITERAL_NULL_CONVERSION = YES;
				CLANG_WARN_OBJC_IMPLICIT_RETAIN_SELF = YES;
				CLANG_WARN_OBJC_LITERAL_CONVERSION = YES;
				CLANG_WARN_OBJC_ROOT_CLASS = YES_ERROR;
				CLANG_WARN_QUOTED_INCLUDE_IN_FRAMEWORK_HEADER = YES;
				CLANG_WARN_RANGE_LOOP_ANALYSIS = YES;
				CLANG_WARN_STRICT_PROTOTYPES = YES;
				CLANG_WARN_SUSPICIOUS_MOVE = YES;
				CLANG_WARN_UNGUARDED_AVAILABILITY = YES_AGGRESSIVE;
				CLANG_WARN_UNREACHABLE_CODE = YES;
				CLANG_WARN__DUPLICATE_METHOD_MATCH = YES;
				COPY_PHASE_STRIP = NO;
				DEBUG_INFORMATION_FORMAT = "dwarf-with-dsym";
				ENABLE_NS_ASSERTIONS = NO;
				ENABLE_STRICT_OBJC_MSGSEND = YES;
				ENABLE_USER_SCRIPT_SANDBOXING = YES;
				GCC_C_LANGUAGE_STANDARD = gnu17;
				GCC_NO_COMMON_BLOCKS = YES;
				GCC_WARN_64_TO_32_BIT_CONVERSION = YES;
				GCC_WARN_ABOUT_RETURN_TYPE = YES_ERROR;
				GCC_WARN_UNDECLARED_SELECTOR = YES;
				GCC_WARN_UNINITIALIZED_AUTOS = YES_AGGRESSIVE;
				GCC_WARN_UNUSED_FUNCTION = YES;
				GCC_WARN_UNUSED_VARIABLE = YES;
				IPHONEOS_DEPLOYMENT_TARGET = 17.5;
				LOCALIZATION_PREFERS_STRING_CATALOGS = YES;
				MTL_ENABLE_DEBUG_INFO = NO;
				MTL_FAST_MATH = YES;
				SDKROOT = iphoneos;
				SWIFT_COMPILATION_MODE = wholemodule;
				VALIDATE_PRODUCT = YES;
			};
			name = Release;
		};
		563D712F2C283239006EA76B /* Debug */ = {
			isa = XCBuildConfiguration;
			buildSettings = {
				ASSETCATALOG_COMPILER_APPICON_NAME = AppIcon;
				ASSETCATALOG_COMPILER_GLOBAL_ACCENT_COLOR_NAME = AccentColor;
				CODE_SIGN_STYLE = Automatic;
				CURRENT_PROJECT_VERSION = 1;
				DEVELOPMENT_ASSET_PATHS = "\"Session-Management-Demo/Preview Content\"";
				ENABLE_PREVIEWS = YES;
				GENERATE_INFOPLIST_FILE = YES;
				INFOPLIST_KEY_UIApplicationSceneManifest_Generation = YES;
				INFOPLIST_KEY_UIApplicationSupportsIndirectInputEvents = YES;
				INFOPLIST_KEY_UILaunchScreen_Generation = YES;
				INFOPLIST_KEY_UISupportedInterfaceOrientations_iPad = "UIInterfaceOrientationPortrait UIInterfaceOrientationPortraitUpsideDown UIInterfaceOrientationLandscapeLeft UIInterfaceOrientationLandscapeRight";
				INFOPLIST_KEY_UISupportedInterfaceOrientations_iPhone = "UIInterfaceOrientationPortrait UIInterfaceOrientationLandscapeLeft UIInterfaceOrientationLandscapeRight";
				LD_RUNPATH_SEARCH_PATHS = (
					"$(inherited)",
					"@executable_path/Frameworks",
				);
				MARKETING_VERSION = 1.0;
				PRODUCT_BUNDLE_IDENTIFIER = "iOSLearning.Session-Management-Demo";
				PRODUCT_NAME = "$(TARGET_NAME)";
				SWIFT_EMIT_LOC_STRINGS = YES;
				SWIFT_VERSION = 5.0;
				TARGETED_DEVICE_FAMILY = "1,2";
			};
			name = Debug;
		};
		563D71302C283239006EA76B /* Release */ = {
			isa = XCBuildConfiguration;
			buildSettings = {
				ASSETCATALOG_COMPILER_APPICON_NAME = AppIcon;
				ASSETCATALOG_COMPILER_GLOBAL_ACCENT_COLOR_NAME = AccentColor;
				CODE_SIGN_STYLE = Automatic;
				CURRENT_PROJECT_VERSION = 1;
				DEVELOPMENT_ASSET_PATHS = "\"Session-Management-Demo/Preview Content\"";
				ENABLE_PREVIEWS = YES;
				GENERATE_INFOPLIST_FILE = YES;
				INFOPLIST_KEY_UIApplicationSceneManifest_Generation = YES;
				INFOPLIST_KEY_UIApplicationSupportsIndirectInputEvents = YES;
				INFOPLIST_KEY_UILaunchScreen_Generation = YES;
				INFOPLIST_KEY_UISupportedInterfaceOrientations_iPad = "UIInterfaceOrientationPortrait UIInterfaceOrientationPortraitUpsideDown UIInterfaceOrientationLandscapeLeft UIInterfaceOrientationLandscapeRight";
				INFOPLIST_KEY_UISupportedInterfaceOrientations_iPhone = "UIInterfaceOrientationPortrait UIInterfaceOrientationLandscapeLeft UIInterfaceOrientationLandscapeRight";
				LD_RUNPATH_SEARCH_PATHS = (
					"$(inherited)",
					"@executable_path/Frameworks",
				);
				MARKETING_VERSION = 1.0;
				PRODUCT_BUNDLE_IDENTIFIER = "iOSLearning.Session-Management-Demo";
				PRODUCT_NAME = "$(TARGET_NAME)";
				SWIFT_EMIT_LOC_STRINGS = YES;
				SWIFT_VERSION = 5.0;
				TARGETED_DEVICE_FAMILY = "1,2";
			};
			name = Release;
		};
/* End XCBuildConfiguration section */

/* Begin XCConfigurationList section */
		563D711B2C283237006EA76B /* Build configuration list for PBXProject "Session-Management-Demo" */ = {
			isa = XCConfigurationList;
			buildConfigurations = (
				563D712C2C283239006EA76B /* Debug */,
				563D712D2C283239006EA76B /* Release */,
			);
			defaultConfigurationIsVisible = 0;
			defaultConfigurationName = Release;
		};
		563D712E2C283239006EA76B /* Build configuration list for PBXNativeTarget "Session-Management-Demo" */ = {
			isa = XCConfigurationList;
			buildConfigurations = (
				563D712F2C283239006EA76B /* Debug */,
				563D71302C283239006EA76B /* Release */,
			);
			defaultConfigurationIsVisible = 0;
			defaultConfigurationName = Release;
		};
/* End XCConfigurationList section */

/* Begin XCRemoteSwiftPackageReference section */
		5650D1A12C2836E500F3CFA8 /* XCRemoteSwiftPackageReference "firebase-ios-sdk" */ = {
			isa = XCRemoteSwiftPackageReference;
			repositoryURL = "https://github.com/firebase/firebase-ios-sdk";
			requirement = {
				kind = upToNextMajorVersion;
				minimumVersion = 10.28.0;
			};
		};
/* End XCRemoteSwiftPackageReference section */

/* Begin XCSwiftPackageProductDependency section */
		5650D1AD2C28385100F3CFA8 /* FirebaseFirestore */ = {
			isa = XCSwiftPackageProductDependency;
			package = 5650D1A12C2836E500F3CFA8 /* XCRemoteSwiftPackageReference "firebase-ios-sdk" */;
			productName = FirebaseFirestore;
		};
		5650D1AF2C28387600F3CFA8 /* FirebaseAuth */ = {
			isa = XCSwiftPackageProductDependency;
			package = 5650D1A12C2836E500F3CFA8 /* XCRemoteSwiftPackageReference "firebase-ios-sdk" */;
			productName = FirebaseAuth;
		};
/* End XCSwiftPackageProductDependency section */
	};
	rootObject = 563D71182C283237006EA76B /* Project object */;
}
